
Microsoft Visual Studio Solution File, Format Version 12.00
# Visual Studio Version 17
VisualStudioVersion = 17.0.31903.59
MinimumVisualStudioVersion = 10.0.40219.1
Project("{FAE04EC0-301F-11D3-BF4B-00C04F79EFBC}") = "Api", "Api\Api.csproj", "{06810BEE-A7F5-491D-8D7B-ECD6C65CB2AE}"
EndProject
Project("{2150E333-8FDC-42A3-9474-1A3956D46DE8}") = "Solution Items", "Solution Items", "{B161BC23-73BA-4B04-A0C3-7435E943288E}"
	ProjectSection(SolutionItems) = preProject
		docker-build.sh = docker-build.sh
		docker-compose.yml = docker-compose.yml
		ddl.sql = ddl.sql
		global.json = global.json
		.gitignore = .gitignore
		.editorconfig = .editorconfig
		.dockerignore = .dockerignore
		Dockerfile = Dockerfile
	EndProjectSection
EndProject
Global
	GlobalSection(SolutionConfigurationPlatforms) = preSolution
		Debug|Any CPU = Debug|Any CPU
		Release|Any CPU = Release|Any CPU
	EndGlobalSection
	GlobalSection(ProjectConfigurationPlatforms) = postSolution
		{06810BEE-A7F5-491D-8D7B-ECD6C65CB2AE}.Debug|Any CPU.ActiveCfg = Debug|Any CPU
		{06810BEE-A7F5-491D-8D7B-ECD6C65CB2AE}.Debug|Any CPU.Build.0 = Debug|Any CPU
		{06810BEE-A7F5-491D-8D7B-ECD6C65CB2AE}.Release|Any CPU.ActiveCfg = Release|Any CPU
		{06810BEE-A7F5-491D-8D7B-ECD6C65CB2AE}.Release|Any CPU.Build.0 = Release|Any CPU
	EndGlobalSection
	GlobalSection(SolutionProperties) = preSolution
		HideSolutionNode = FALSE
	EndGlobalSection
EndGlobal
